<?xml version="1.0" encoding="UTF-8" standalone="yes" ?>
<CodeBlocks_project_file>
	<FileVersion major="1" minor="6" />
	<Project>
		<Option title="app" />
		<Option pch_mode="2" />
		<Option compiler="riscv32" />
		<Build>
			<Target title="Debug">
				<Option output="Output/bin/app.rv32" prefix_auto="1" extension_auto="0" />
				<Option object_output="Output/obj/" />
				<Option type="1" />
				<Option compiler="riscv32" />
			</Target>
		</Build>
		<Compiler>
			<Add option="-Os" />
			<Add option="-Wall" />
			<Add option="-march=rv32imac" />
			<Add option="-ffunction-sections" />
			<Add directory="." />
			<Add directory="display" />
			<Add directory="message" />
			<Add directory="port" />
			<Add directory="plugin" />
			<Add directory="../../platform/header" />
			<Add directory="../../platform/libs" />
			<Add directory="../../platform/bsp" />
			<Add directory="../../platform/functions" />
			<Add directory="../../platform/gui" />
		</Compiler>
		<Linker>
			<Add option="-Tram.ld" />
			<Add option="--gc-sections" />
			<Add option="-Map=Output\bin\map.txt" />
			<Add library="libplatform" />
			<Add library="libbtstack" />
			<Add library="libdrivers" />
			<Add library="libcodecs" />
			<Add directory="../../platform/libs" />
		</Linker>
		<ExtraCommands>
			<Add before="Output\bin\prebuild.bat $(PROJECT_NAME)" />
			<Add after="Output\bin\postbuild.bat $(PROJECT_NAME)" />
		</ExtraCommands>
		<Unit filename="../../platform/bsp/bsp.h" />
		<Unit filename="../../platform/bsp/bsp_audio.c">
			<Option compilerVar="CC" />
		</Unit>
		<Unit filename="../../platform/bsp/bsp_audio.h" />
		<Unit filename="../../platform/bsp/bsp_aux.c">
			<Option compilerVar="CC" />
		</Unit>
		<Unit filename="../../platform/bsp/bsp_aux.h" />
		<Unit filename="../../platform/bsp/bsp_ble.c">
			<Option compilerVar="CC" />
		</Unit>
		<Unit filename="../../platform/bsp/bsp_ble.h" />
		<Unit filename="../../platform/bsp/bsp_bt.c">
			<Option compilerVar="CC" />
		</Unit>
		<Unit filename="../../platform/bsp/bsp_bt.h" />
		<Unit filename="../../platform/bsp/bsp_charge.c">
			<Option compilerVar="CC" />
		</Unit>
		<Unit filename="../../platform/bsp/bsp_charge.h" />
		<Unit filename="../../platform/bsp/bsp_cm.c">
			<Option compilerVar="CC" />
		</Unit>
		<Unit filename="../../platform/bsp/bsp_dac.c">
			<Option compilerVar="CC" />
		</Unit>
		<Unit filename="../../platform/bsp/bsp_dac.h" />
		<Unit filename="../../platform/bsp/bsp_eq.c">
			<Option compilerVar="CC" />
		</Unit>
		<Unit filename="../../platform/bsp/bsp_eq.h" />
		<Unit filename="../../platform/bsp/bsp_fmrx.c">
			<Option compilerVar="CC" />
		</Unit>
		<Unit filename="../../platform/bsp/bsp_fmrx.h" />
		<Unit filename="../../platform/bsp/bsp_fs.c">
			<Option compilerVar="CC" />
		</Unit>
		<Unit filename="../../platform/bsp/bsp_fs.h" />
		<Unit filename="../../platform/bsp/bsp_i2c.c">
			<Option compilerVar="CC" />
		</Unit>
		<Unit filename="../../platform/bsp/bsp_i2c.h" />
		<Unit filename="../../platform/bsp/bsp_i2s.c">
			<Option compilerVar="CC" />
		</Unit>
		<Unit filename="../../platform/bsp/bsp_i2s_ta5711.c">
			<Option compilerVar="CC" />
		</Unit>
		<Unit filename="../../platform/bsp/bsp_i2s_ta5711.h" />
		<Unit filename="../../platform/bsp/bsp_i2s_wm8978.c">
			<Option compilerVar="CC" />
		</Unit>
		<Unit filename="../../platform/bsp/bsp_i2s_wm8978.h" />
		<Unit filename="../../platform/bsp/bsp_iap.c">
			<Option compilerVar="CC" />
		</Unit>
		<Unit filename="../../platform/bsp/bsp_id3_tag.c">
			<Option compilerVar="CC" />
		</Unit>
		<Unit filename="../../platform/bsp/bsp_id3_tag.h" />
		<Unit filename="../../platform/bsp/bsp_ir.c">
			<Option compilerVar="CC" />
		</Unit>
		<Unit filename="../../platform/bsp/bsp_ir.h" />
		<Unit filename="../../platform/bsp/bsp_karaok.c">
			<Option compilerVar="CC" />
		</Unit>
		<Unit filename="../../platform/bsp/bsp_karaok.h" />
		<Unit filename="../../platform/bsp/bsp_key.c">
			<Option compilerVar="CC" />
		</Unit>
		<Unit filename="../../platform/bsp/bsp_key.h" />
		<Unit filename="../../platform/bsp/bsp_lcd.c">
			<Option compilerVar="CC" />
		</Unit>
		<Unit filename="../../platform/bsp/bsp_lcd.h" />
		<Unit filename="../../platform/bsp/bsp_led.c">
			<Option compilerVar="CC" />
		</Unit>
		<Unit filename="../../platform/bsp/bsp_led.h" />
		<Unit filename="../../platform/bsp/bsp_music.c">
			<Option compilerVar="CC" />
		</Unit>
		<Unit filename="../../platform/bsp/bsp_music.h" />
		<Unit filename="../../platform/bsp/bsp_param.c">
			<Option compilerVar="CC" />
		</Unit>
		<Unit filename="../../platform/bsp/bsp_param.h" />
		<Unit filename="../../platform/bsp/bsp_piano.c">
			<Option compilerVar="CC" />
		</Unit>
		<Unit filename="../../platform/bsp/bsp_piano.h" />
		<Unit filename="../../platform/bsp/bsp_record.c">
			<Option compilerVar="CC" />
		</Unit>
		<Unit filename="../../platform/bsp/bsp_record.h" />
		<Unit filename="../../platform/bsp/bsp_spiflash1.c">
			<Option compilerVar="CC" />
		</Unit>
		<Unit filename="../../platform/bsp/bsp_spiflash1.h" />
		<Unit filename="../../platform/bsp/bsp_spiflash1_music_bin.c">
			<Option compilerVar="CC" />
		</Unit>
		<Unit filename="../../platform/bsp/bsp_spp.c">
			<Option compilerVar="CC" />
		</Unit>
		<Unit filename="../../platform/bsp/bsp_sys.c">
			<Option compilerVar="CC" />
		</Unit>
		<Unit filename="../../platform/bsp/bsp_sys.h" />
		<Unit filename="../../platform/bsp/fmrx/fmrx_external.c">
			<Option compilerVar="CC" />
		</Unit>
		<Unit filename="../../platform/bsp/fmrx/fmrx_external.h" />
		<Unit filename="../../platform/bsp/fmrx/qn8035.c">
			<Option compilerVar="CC" />
		</Unit>
		<Unit filename="../../platform/bsp/fmrx/qn8035.h" />
		<Unit filename="../../platform/functions/func.c">
			<Option compilerVar="CC" />
		</Unit>
		<Unit filename="../../platform/functions/func.h" />
		<Unit filename="../../platform/functions/func_aux.c">
			<Option compilerVar="CC" />
		</Unit>
		<Unit filename="../../platform/functions/func_aux.h" />
		<Unit filename="../../platform/functions/func_bt.c">
			<Option compilerVar="CC" />
		</Unit>
		<Unit filename="../../platform/functions/func_bt.h" />
		<Unit filename="../../platform/functions/func_bt_hid.c">
			<Option compilerVar="CC" />
		</Unit>
		<Unit filename="../../platform/functions/func_bt_hid.h" />
		<Unit filename="../../platform/functions/func_clock.c">
			<Option compilerVar="CC" />
		</Unit>
		<Unit filename="../../platform/functions/func_clock.h" />
		<Unit filename="../../platform/functions/func_exspiflash_music.c">
			<Option compilerVar="CC" />
		</Unit>
		<Unit filename="../../platform/functions/func_exspiflash_music.h" />
		<Unit filename="../../platform/functions/func_fmam_freq.c">
			<Option compilerVar="CC" />
		</Unit>
		<Unit filename="../../platform/functions/func_fmam_freq.h" />
		<Unit filename="../../platform/functions/func_fmrx.c">
			<Option compilerVar="CC" />
		</Unit>
		<Unit filename="../../platform/functions/func_fmrx.h" />
		<Unit filename="../../platform/functions/func_idle.c">
			<Option compilerVar="CC" />
		</Unit>
		<Unit filename="../../platform/functions/func_idle.h" />
		<Unit filename="../../platform/functions/func_lowpwr.c">
			<Option compilerVar="CC" />
		</Unit>
		<Unit filename="../../platform/functions/func_lowpwr.h" />
		<Unit filename="../../platform/functions/func_music.c">
			<Option compilerVar="CC" />
		</Unit>
		<Unit filename="../../platform/functions/func_music.h" />
		<Unit filename="../../platform/functions/func_spdif.c">
			<Option compilerVar="CC" />
		</Unit>
		<Unit filename="../../platform/functions/func_spdif.h" />
		<Unit filename="../../platform/functions/func_speaker.c">
			<Option compilerVar="CC" />
		</Unit>
		<Unit filename="../../platform/functions/func_speaker.h" />
		<Unit filename="../../platform/functions/func_update.c">
			<Option compilerVar="CC" />
		</Unit>
		<Unit filename="../../platform/functions/func_update.h" />
		<Unit filename="../../platform/functions/func_usbdev.c">
			<Option compilerVar="CC" />
		</Unit>
		<Unit filename="../../platform/functions/func_usbdev.h" />
		<Unit filename="../../platform/functions/sfunc_bt_call.c">
			<Option compilerVar="CC" />
		</Unit>
		<Unit filename="../../platform/functions/sfunc_bt_ota.c">
			<Option compilerVar="CC" />
		</Unit>
		<Unit filename="../../platform/functions/sfunc_bt_ring.c">
			<Option compilerVar="CC" />
		</Unit>
		<Unit filename="../../platform/functions/sfunc_record.c">
			<Option compilerVar="CC" />
		</Unit>
		<Unit filename="../../platform/functions/sfunc_record.h" />
		<Unit filename="../../platform/functions/sfunc_record_play.c">
			<Option compilerVar="CC" />
		</Unit>
		<Unit filename="../../platform/functions/sfunc_record_play.h" />
		<Unit filename="../../platform/gui/gui.c">
			<Option compilerVar="CC" />
		</Unit>
		<Unit filename="../../platform/gui/gui.h" />
		<Unit filename="../../platform/gui/ledseg/ledseg_7p7s.c">
			<Option compilerVar="CC" />
		</Unit>
		<Unit filename="../../platform/gui/ledseg/ledseg_7p7s.h" />
		<Unit filename="../../platform/gui/ledseg/ledseg_common.c">
			<Option compilerVar="CC" />
		</Unit>
		<Unit filename="../../platform/gui/ledseg/ledseg_common.h" />
		<Unit filename="../../platform/header/clib.h" />
		<Unit filename="../../platform/header/config_define.h" />
		<Unit filename="../../platform/header/config_extra.h" />
		<Unit filename="../../platform/header/global.h" />
		<Unit filename="../../platform/header/include.h" />
		<Unit filename="../../platform/header/io_def.h" />
		<Unit filename="../../platform/header/macro.h" />
		<Unit filename="../../platform/header/s_common.h" />
		<Unit filename="../../platform/header/sfr.h" />
		<Unit filename="../../platform/header/typedef.h" />
		<Unit filename="../../platform/libs/api.h" />
		<Unit filename="../../platform/libs/api_btstack.h" />
		<Unit filename="../../platform/libs/api_cm.h" />
		<Unit filename="../../platform/libs/api_dac.h" />
		<Unit filename="../../platform/libs/api_device.h" />
		<Unit filename="../../platform/libs/api_fmrx.h" />
		<Unit filename="../../platform/libs/api_fs.h" />
		<Unit filename="../../platform/libs/api_gpio.h" />
		<Unit filename="../../platform/libs/api_karaok.h" />
		<Unit filename="../../platform/libs/api_key.h" />
		<Unit filename="../../platform/libs/api_msg.h" />
		<Unit filename="../../platform/libs/api_music.h" />
		<Unit filename="../../platform/libs/api_pwr.h" />
		<Unit filename="../../platform/libs/api_rtc.h" />
		<Unit filename="../../platform/libs/api_saradc.h" />
		<Unit filename="../../platform/libs/api_sd.h" />
		<Unit filename="../../platform/libs/api_sdadc.h" />
		<Unit filename="../../platform/libs/api_sys.h" />
		<Unit filename="../../platform/libs/api_sysclk.h" />
		<Unit filename="../../platform/libs/api_update.h" />
		<Unit filename="../../platform/libs/api_usb.h" />
		<Unit filename="../../platform/libs/strong_symbol.c">
			<Option compilerVar="CC" />
		</Unit>
		<Unit filename="config.c">
			<Option compilerVar="CC" />
		</Unit>
		<Unit filename="config.h" />
		<Unit filename="display/display_aux.c">
			<Option compilerVar="CC" />
		</Unit>
		<Unit filename="display/display_bt.c">
			<Option compilerVar="CC" />
		</Unit>
		<Unit filename="display/display_clock.c">
			<Option compilerVar="CC" />
		</Unit>
		<Unit filename="display/display_fmam_freq.c">
			<Option compilerVar="CC" />
		</Unit>
		<Unit filename="display/display_fmrx.c">
			<Option compilerVar="CC" />
		</Unit>
		<Unit filename="display/display_idle.c">
			<Option compilerVar="CC" />
		</Unit>
		<Unit filename="display/display_music.c">
			<Option compilerVar="CC" />
		</Unit>
		<Unit filename="display/display_record.c">
			<Option compilerVar="CC" />
		</Unit>
		<Unit filename="display/display_spdif.c">
			<Option compilerVar="CC" />
		</Unit>
		<Unit filename="display/display_speaker.c">
			<Option compilerVar="CC" />
		</Unit>
		<Unit filename="display/display_usbdev.c">
			<Option compilerVar="CC" />
		</Unit>
		<Unit filename="display/ledseg/display_ledseg.c">
			<Option compilerVar="CC" />
		</Unit>
		<Unit filename="display/ledseg/display_ledseg.h" />
		<Unit filename="main.c">
			<Option compilerVar="CC" />
		</Unit>
		<Unit filename="message/msg_aux.c">
			<Option compilerVar="CC" />
		</Unit>
		<Unit filename="message/msg_bt.c">
			<Option compilerVar="CC" />
		</Unit>
		<Unit filename="message/msg_clock.c">
			<Option compilerVar="CC" />
		</Unit>
		<Unit filename="message/msg_exspiflash_music.c">
			<Option compilerVar="CC" />
		</Unit>
		<Unit filename="message/msg_fmam_freq.c">
			<Option compilerVar="CC" />
		</Unit>
		<Unit filename="message/msg_fmrx.c">
			<Option compilerVar="CC" />
		</Unit>
		<Unit filename="message/msg_idle.c">
			<Option compilerVar="CC" />
		</Unit>
		<Unit filename="message/msg_music.c">
			<Option compilerVar="CC" />
		</Unit>
		<Unit filename="message/msg_record.c">
			<Option compilerVar="CC" />
		</Unit>
		<Unit filename="message/msg_spdif.c">
			<Option compilerVar="CC" />
		</Unit>
		<Unit filename="message/msg_speaker.c">
			<Option compilerVar="CC" />
		</Unit>
		<Unit filename="message/msg_usbdev.c">
			<Option compilerVar="CC" />
		</Unit>
		<Unit filename="plugin/eq_table.c">
			<Option compilerVar="CC" />
		</Unit>
		<Unit filename="plugin/multi_lang.c">
			<Option compilerVar="CC" />
		</Unit>
		<Unit filename="plugin/multi_lang.h" />
		<Unit filename="plugin/plugin.c">
			<Option compilerVar="CC" />
		</Unit>
		<Unit filename="plugin/plugin.h" />
		<Unit filename="port/port_earphone.c">
			<Option compilerVar="CC" />
		</Unit>
		<Unit filename="port/port_earphone.h" />
		<Unit filename="port/port_ir.c">
			<Option compilerVar="CC" />
		</Unit>
		<Unit filename="port/port_key.c">
			<Option compilerVar="CC" />
		</Unit>
		<Unit filename="port/port_led.c">
			<Option compilerVar="CC" />
		</Unit>
		<Unit filename="port/port_led.h" />
		<Unit filename="port/port_ledseg.c">
			<Option compilerVar="CC" />
		</Unit>
		<Unit filename="port/port_linein.c">
			<Option compilerVar="CC" />
		</Unit>
		<Unit filename="port/port_linein.h" />
		<Unit filename="port/port_mic.c">
			<Option compilerVar="CC" />
		</Unit>
		<Unit filename="port/port_mic.h" />
		<Unit filename="port/port_mute.c">
			<Option compilerVar="CC" />
		</Unit>
		<Unit filename="port/port_pwm.c">
			<Option compilerVar="CC" />
		</Unit>
		<Unit filename="port/port_pwm.h" />
		<Unit filename="port/port_sd.c">
			<Option compilerVar="CC" />
		</Unit>
		<Unit filename="port/port_sd.h" />
		<Unit filename="port/port_sd1.c">
			<Option compilerVar="CC" />
		</Unit>
		<Unit filename="port/port_update.c">
			<Option compilerVar="CC" />
		</Unit>
		<Unit filename="ram.ld">
			<Option compile="1" />
			<Option compiler="riscv32" use="1" buildCommand=" " />
		</Unit>
		<Unit filename="res.h" />
		<Unit filename="xcfg.h" />
		<Extensions>
			<code_completion />
			<envvars />
			<debugger />
		</Extensions>
	</Project>
</CodeBlocks_project_file>
